PODS:
  - CubiCapture (2.5.0):
    - Zip (~> 2.1)
    - ZIPFoundation (~> 0.9)
  - Zip (2.1.1)
  - ZIPFoundation (0.9.12)

DEPENDENCIES:
  - CubiCapture (~> 2.5)

SPEC REPOS:
  https://github.com/CubiCasa/podspecs.git:
    - CubiCapture
  trunk:
    - Zip
    - ZIPFoundation

SPEC CHECKSUMS:
  CubiCapture: c2d3932d205820d4034f6cbc67dc05a755726590
  Zip: 414f59909701fda9a84ab774ebe0f5449b1082cc
  ZIPFoundation: e27423c004a5a1410c15933407747374e7c6cb6e

PODFILE CHECKSUM: e17ce6efa2bfc4cbe0c48ebc2e96b1c24af72628

COCOAPODS: 1.10.1
