{
  "originHash" : "726f75079b31a5ae7a6a27ef9b74438b2c0fba7ed5cb1d818114bfc05e86314a",
  "pins" : [
    {
      "identity" : "ios-sdk-distribution",
      "kind" : "remoteSourceControl",
      "location" : "https://github.com/CubiCasa/ios-sdk-distribution/",
      "state" : {
        "branch" : "release/3.0.6",
        "revision" : "abaa830854ef9fe781ee968841c1a4ed3f305470"
      }
    },
    {
      "identity" : "zip",
      "kind" : "remoteSourceControl",
      "location" : "https://github.com/marmelroy/Zip.git",
      "state" : {
        "revision" : "67fa55813b9e7b3b9acee9c0ae501def28746d76",
        "version" : "2.1.2"
      }
    },
    {
      "identity" : "zipfoundation",
      "kind" : "remoteSourceControl",
      "location" : "https://github.com/weichsel/ZIPFoundation.git",
      "state" : {
        "revision" : "02b6abe5f6eef7e3cbd5f247c5cc24e246efcfe0",
        "version" : "0.9.19"
      }
    }
  ],
  "version" : 3
}
