// !$*UTF8*$!
{
	archiveVersion = 1;
	classes = {
	};
	objectVersion = 54;
	objects = {

/* Begin PBXBuildFile section */
		60E415632C32AAAE006359B4 /* CubiCaptureSDK in Frameworks */ = {isa = PBXBuildFile; productRef = 60E415622C32AAAE006359B4 /* CubiCaptureSDK */; };
		60E415642C32AABD006359B4 /* CubiCaptureSDK in Embed Frameworks */ = {isa = PBXBuildFile; productRef = 60E415622C32AAAE006359B4 /* CubiCaptureSDK */; settings = {ATTRIBUTES = (CodeSignOnCopy, ); }; };
		60E415672C32AC6A006359B4 /* CubiCaptureSDK in Frameworks */ = {isa = PBXBuildFile; productRef = 60E415662C32AC6A006359B4 /* CubiCaptureSDK */; };
		60E415692C32AE8D006359B4 /* SceneDelegate.swift in Sources */ = {isa = PBXBuildFile; fileRef = 60E415682C32AE8D006359B4 /* SceneDelegate.swift */; };
		C109B0FE258000BB00424A12 /* AppDelegate.swift in Sources */ = {isa = PBXBuildFile; fileRef = C109B0FD258000BB00424A12 /* AppDelegate.swift */; };
		C109B102258000BB00424A12 /* ViewController.swift in Sources */ = {isa = PBXBuildFile; fileRef = C109B101258000BB00424A12 /* ViewController.swift */; };
		C109B105258000BB00424A12 /* Main.storyboard in Resources */ = {isa = PBXBuildFile; fileRef = C109B103258000BB00424A12 /* Main.storyboard */; };
		C109B107258000BD00424A12 /* Assets.xcassets in Resources */ = {isa = PBXBuildFile; fileRef = C109B106258000BD00424A12 /* Assets.xcassets */; };
		C109B10A258000BD00424A12 /* LaunchScreen.storyboard in Resources */ = {isa = PBXBuildFile; fileRef = C109B108258000BD00424A12 /* LaunchScreen.storyboard */; };
		C14B36FD2625F1F400436E2B /* Localizable.strings in Resources */ = {isa = PBXBuildFile; fileRef = C14B36FB2625F1F400436E2B /* Localizable.strings */; };
/* End PBXBuildFile section */

/* Begin PBXCopyFilesBuildPhase section */
		60AD83AE2C32A45400ED4A9B /* Embed Frameworks */ = {
			isa = PBXCopyFilesBuildPhase;
			buildActionMask = 2147483647;
			dstPath = "";
			dstSubfolderSpec = 10;
			files = (
				60E415642C32AABD006359B4 /* CubiCaptureSDK in Embed Frameworks */,
			);
			name = "Embed Frameworks";
			runOnlyForDeploymentPostprocessing = 0;
		};
/* End PBXCopyFilesBuildPhase section */

/* Begin PBXFileReference section */
		6016A24826E2121E009197EE /* README.md */ = {isa = PBXFileReference; fileEncoding = 4; lastKnownFileType = net.daringfireball.markdown; path = README.md; sourceTree = "<group>"; };
		60E415682C32AE8D006359B4 /* SceneDelegate.swift */ = {isa = PBXFileReference; fileEncoding = 4; lastKnownFileType = sourcecode.swift; path = SceneDelegate.swift; sourceTree = "<group>"; };
		C109B0FA258000BB00424A12 /* CubiCaptureDemo.app */ = {isa = PBXFileReference; explicitFileType = wrapper.application; includeInIndex = 0; path = CubiCaptureDemo.app; sourceTree = BUILT_PRODUCTS_DIR; };
		C109B0FD258000BB00424A12 /* AppDelegate.swift */ = {isa = PBXFileReference; lastKnownFileType = sourcecode.swift; path = AppDelegate.swift; sourceTree = "<group>"; };
		C109B101258000BB00424A12 /* ViewController.swift */ = {isa = PBXFileReference; lastKnownFileType = sourcecode.swift; path = ViewController.swift; sourceTree = "<group>"; };
		C109B106258000BD00424A12 /* Assets.xcassets */ = {isa = PBXFileReference; lastKnownFileType = folder.assetcatalog; path = Assets.xcassets; sourceTree = "<group>"; };
		C109B10B258000BD00424A12 /* Info.plist */ = {isa = PBXFileReference; lastKnownFileType = text.plist.xml; path = Info.plist; sourceTree = "<group>"; };
		C14B36F92625F17900436E2B /* Base */ = {isa = PBXFileReference; lastKnownFileType = file.storyboard; name = Base; path = Base.lproj/Main.storyboard; sourceTree = "<group>"; };
		C14B36FA2625F17900436E2B /* Base */ = {isa = PBXFileReference; lastKnownFileType = file.storyboard; name = Base; path = Base.lproj/LaunchScreen.storyboard; sourceTree = "<group>"; };
		C14B36FC2625F1F400436E2B /* Base */ = {isa = PBXFileReference; lastKnownFileType = text.plist.strings; name = Base; path = Base.lproj/Localizable.strings; sourceTree = "<group>"; };
/* End PBXFileReference section */

/* Begin PBXFrameworksBuildPhase section */
		C109B0F7258000BB00424A12 /* Frameworks */ = {
			isa = PBXFrameworksBuildPhase;
			buildActionMask = 2147483647;
			files = (
				60E415632C32AAAE006359B4 /* CubiCaptureSDK in Frameworks */,
				60E415672C32AC6A006359B4 /* CubiCaptureSDK in Frameworks */,
			);
			runOnlyForDeploymentPostprocessing = 0;
		};
/* End PBXFrameworksBuildPhase section */

/* Begin PBXGroup section */
		60AD83AF2C32A49300ED4A9B /* Frameworks */ = {
			isa = PBXGroup;
			children = (
			);
			name = Frameworks;
			sourceTree = "<group>";
		};
		C109B0F1258000BB00424A12 = {
			isa = PBXGroup;
			children = (
				6016A24826E2121E009197EE /* README.md */,
				C109B0FC258000BB00424A12 /* CubiCaptureDemo */,
				C109B0FB258000BB00424A12 /* Products */,
				60AD83AF2C32A49300ED4A9B /* Frameworks */,
			);
			sourceTree = "<group>";
		};
		C109B0FB258000BB00424A12 /* Products */ = {
			isa = PBXGroup;
			children = (
				C109B0FA258000BB00424A12 /* CubiCaptureDemo.app */,
			);
			name = Products;
			sourceTree = "<group>";
		};
		C109B0FC258000BB00424A12 /* CubiCaptureDemo */ = {
			isa = PBXGroup;
			children = (
				C109B0FD258000BB00424A12 /* AppDelegate.swift */,
				60E415682C32AE8D006359B4 /* SceneDelegate.swift */,
				C109B101258000BB00424A12 /* ViewController.swift */,
				C109B103258000BB00424A12 /* Main.storyboard */,
				C109B106258000BD00424A12 /* Assets.xcassets */,
				C109B108258000BD00424A12 /* LaunchScreen.storyboard */,
				C109B10B258000BD00424A12 /* Info.plist */,
				C14B36FB2625F1F400436E2B /* Localizable.strings */,
			);
			path = CubiCaptureDemo;
			sourceTree = "<group>";
		};
/* End PBXGroup section */

/* Begin PBXNativeTarget section */
		C109B0F9258000BB00424A12 /* CubiCaptureDemo */ = {
			isa = PBXNativeTarget;
			buildConfigurationList = C109B10E258000BD00424A12 /* Build configuration list for PBXNativeTarget "CubiCaptureDemo" */;
			buildPhases = (
				C109B0F6258000BB00424A12 /* Sources */,
				C109B0F7258000BB00424A12 /* Frameworks */,
				C109B0F8258000BB00424A12 /* Resources */,
				60AD83AE2C32A45400ED4A9B /* Embed Frameworks */,
			);
			buildRules = (
			);
			dependencies = (
			);
			name = CubiCaptureDemo;
			packageProductDependencies = (
				60E415622C32AAAE006359B4 /* CubiCaptureSDK */,
				60E415662C32AC6A006359B4 /* CubiCaptureSDK */,
			);
			productName = CubiCaptureDemo;
			productReference = C109B0FA258000BB00424A12 /* CubiCaptureDemo.app */;
			productType = "com.apple.product-type.application";
		};
/* End PBXNativeTarget section */

/* Begin PBXProject section */
		C109B0F2258000BB00424A12 /* Project object */ = {
			isa = PBXProject;
			attributes = {
				BuildIndependentTargetsInParallel = YES;
				LastSwiftUpdateCheck = 1220;
				LastUpgradeCheck = 1520;
				TargetAttributes = {
					C109B0F9258000BB00424A12 = {
						CreatedOnToolsVersion = 12.2;
						LastSwiftMigration = 1520;
					};
				};
			};
			buildConfigurationList = C109B0F5258000BB00424A12 /* Build configuration list for PBXProject "CubiCaptureDemo" */;
			compatibilityVersion = "Xcode 9.3";
			developmentRegion = en;
			hasScannedForEncodings = 0;
			knownRegions = (
				en,
				Base,
			);
			mainGroup = C109B0F1258000BB00424A12;
			packageReferences = (
				60E415652C32AC6A006359B4 /* XCRemoteSwiftPackageReference "ios-sdk-distribution" */,
			);
			productRefGroup = C109B0FB258000BB00424A12 /* Products */;
			projectDirPath = "";
			projectRoot = "";
			targets = (
				C109B0F9258000BB00424A12 /* CubiCaptureDemo */,
			);
		};
/* End PBXProject section */

/* Begin PBXResourcesBuildPhase section */
		C109B0F8258000BB00424A12 /* Resources */ = {
			isa = PBXResourcesBuildPhase;
			buildActionMask = 2147483647;
			files = (
				C109B10A258000BD00424A12 /* LaunchScreen.storyboard in Resources */,
				C14B36FD2625F1F400436E2B /* Localizable.strings in Resources */,
				C109B107258000BD00424A12 /* Assets.xcassets in Resources */,
				C109B105258000BB00424A12 /* Main.storyboard in Resources */,
			);
			runOnlyForDeploymentPostprocessing = 0;
		};
/* End PBXResourcesBuildPhase section */

/* Begin PBXSourcesBuildPhase section */
		C109B0F6258000BB00424A12 /* Sources */ = {
			isa = PBXSourcesBuildPhase;
			buildActionMask = 2147483647;
			files = (
				C109B102258000BB00424A12 /* ViewController.swift in Sources */,
				C109B0FE258000BB00424A12 /* AppDelegate.swift in Sources */,
				60E415692C32AE8D006359B4 /* SceneDelegate.swift in Sources */,
			);
			runOnlyForDeploymentPostprocessing = 0;
		};
/* End PBXSourcesBuildPhase section */

/* Begin PBXVariantGroup section */
		C109B103258000BB00424A12 /* Main.storyboard */ = {
			isa = PBXVariantGroup;
			children = (
				C14B36F92625F17900436E2B /* Base */,
			);
			name = Main.storyboard;
			sourceTree = "<group>";
		};
		C109B108258000BD00424A12 /* LaunchScreen.storyboard */ = {
			isa = PBXVariantGroup;
			children = (
				C14B36FA2625F17900436E2B /* Base */,
			);
			name = LaunchScreen.storyboard;
			sourceTree = "<group>";
		};
		C14B36FB2625F1F400436E2B /* Localizable.strings */ = {
			isa = PBXVariantGroup;
			children = (
				C14B36FC2625F1F400436E2B /* Base */,
			);
			name = Localizable.strings;
			sourceTree = "<group>";
		};
/* End PBXVariantGroup section */

/* Begin XCBuildConfiguration section */
		C109B10C258000BD00424A12 /* Debug */ = {
			isa = XCBuildConfiguration;
			buildSettings = {
				CLANG_ANALYZER_NONNULL = YES;
				CLANG_ANALYZER_NUMBER_OBJECT_CONVERSION = YES_AGGRESSIVE;
				CLANG_CXX_LANGUAGE_STANDARD = "gnu++14";
				CLANG_CXX_LIBRARY = "libc++";
				CLANG_ENABLE_MODULES = YES;
				CLANG_ENABLE_OBJC_ARC = YES;
				CLANG_ENABLE_OBJC_WEAK = YES;
				CLANG_WARN_BLOCK_CAPTURE_AUTORELEASING = YES;
				CLANG_WARN_BOOL_CONVERSION = YES;
				CLANG_WARN_COMMA = YES;
				CLANG_WARN_CONSTANT_CONVERSION = YES;
				CLANG_WARN_DEPRECATED_OBJC_IMPLEMENTATIONS = YES;
				CLANG_WARN_DIRECT_OBJC_ISA_USAGE = YES_ERROR;
				CLANG_WARN_DOCUMENTATION_COMMENTS = YES;
				CLANG_WARN_EMPTY_BODY = YES;
				CLANG_WARN_ENUM_CONVERSION = YES;
				CLANG_WARN_INFINITE_RECURSION = YES;
				CLANG_WARN_INT_CONVERSION = YES;
				CLANG_WARN_NON_LITERAL_NULL_CONVERSION = YES;
				CLANG_WARN_OBJC_IMPLICIT_RETAIN_SELF = YES;
				CLANG_WARN_OBJC_LITERAL_CONVERSION = YES;
				CLANG_WARN_OBJC_ROOT_CLASS = YES_ERROR;
				CLANG_WARN_QUOTED_INCLUDE_IN_FRAMEWORK_HEADER = YES;
				CLANG_WARN_RANGE_LOOP_ANALYSIS = YES;
				CLANG_WARN_STRICT_PROTOTYPES = YES;
				CLANG_WARN_SUSPICIOUS_MOVE = YES;
				CLANG_WARN_UNGUARDED_AVAILABILITY = YES_AGGRESSIVE;
				CLANG_WARN_UNREACHABLE_CODE = YES;
				CLANG_WARN__DUPLICATE_METHOD_MATCH = YES;
				COPY_PHASE_STRIP = NO;
				DEBUG_INFORMATION_FORMAT = dwarf;
				ENABLE_STRICT_OBJC_MSGSEND = YES;
				ENABLE_TESTABILITY = YES;
				GCC_C_LANGUAGE_STANDARD = gnu11;
				GCC_DYNAMIC_NO_PIC = NO;
				GCC_NO_COMMON_BLOCKS = YES;
				GCC_OPTIMIZATION_LEVEL = 0;
				GCC_PREPROCESSOR_DEFINITIONS = (
					"DEBUG=1",
					"$(inherited)",
				);
				GCC_WARN_64_TO_32_BIT_CONVERSION = YES;
				GCC_WARN_ABOUT_RETURN_TYPE = YES_ERROR;
				GCC_WARN_UNDECLARED_SELECTOR = YES;
				GCC_WARN_UNINITIALIZED_AUTOS = YES_AGGRESSIVE;
				GCC_WARN_UNUSED_FUNCTION = YES;
				GCC_WARN_UNUSED_VARIABLE = YES;
				IPHONEOS_DEPLOYMENT_TARGET = 16.5;
				MTL_ENABLE_DEBUG_INFO = INCLUDE_SOURCE;
				MTL_FAST_MATH = YES;
				ONLY_ACTIVE_ARCH = YES;
				SDKROOT = iphoneos;
				SWIFT_ACTIVE_COMPILATION_CONDITIONS = DEBUG;
				SWIFT_OPTIMIZATION_LEVEL = "-Onone";
			};
			name = Debug;
		};
		C109B10D258000BD00424A12 /* Release */ = {
			isa = XCBuildConfiguration;
			buildSettings = {
				CLANG_ANALYZER_NONNULL = YES;
				CLANG_ANALYZER_NUMBER_OBJECT_CONVERSION = YES_AGGRESSIVE;
				CLANG_CXX_LANGUAGE_STANDARD = "gnu++14";
				CLANG_CXX_LIBRARY = "libc++";
				CLANG_ENABLE_MODULES = YES;
				CLANG_ENABLE_OBJC_ARC = YES;
				CLANG_ENABLE_OBJC_WEAK = YES;
				CLANG_WARN_BLOCK_CAPTURE_AUTORELEASING = YES;
				CLANG_WARN_BOOL_CONVERSION = YES;
				CLANG_WARN_COMMA = YES;
				CLANG_WARN_CONSTANT_CONVERSION = YES;
				CLANG_WARN_DEPRECATED_OBJC_IMPLEMENTATIONS = YES;
				CLANG_WARN_DIRECT_OBJC_ISA_USAGE = YES_ERROR;
				CLANG_WARN_DOCUMENTATION_COMMENTS = YES;
				CLANG_WARN_EMPTY_BODY = YES;
				CLANG_WARN_ENUM_CONVERSION = YES;
				CLANG_WARN_INFINITE_RECURSION = YES;
				CLANG_WARN_INT_CONVERSION = YES;
				CLANG_WARN_NON_LITERAL_NULL_CONVERSION = YES;
				CLANG_WARN_OBJC_IMPLICIT_RETAIN_SELF = YES;
				CLANG_WARN_OBJC_LITERAL_CONVERSION = YES;
				CLANG_WARN_OBJC_ROOT_CLASS = YES_ERROR;
				CLANG_WARN_QUOTED_INCLUDE_IN_FRAMEWORK_HEADER = YES;
				CLANG_WARN_RANGE_LOOP_ANALYSIS = YES;
				CLANG_WARN_STRICT_PROTOTYPES = YES;
				CLANG_WARN_SUSPICIOUS_MOVE = YES;
				CLANG_WARN_UNGUARDED_AVAILABILITY = YES_AGGRESSIVE;
				CLANG_WARN_UNREACHABLE_CODE = YES;
				CLANG_WARN__DUPLICATE_METHOD_MATCH = YES;
				COPY_PHASE_STRIP = NO;
				DEBUG_INFORMATION_FORMAT = "dwarf-with-dsym";
				ENABLE_NS_ASSERTIONS = NO;
				ENABLE_STRICT_OBJC_MSGSEND = YES;
				GCC_C_LANGUAGE_STANDARD = gnu11;
				GCC_NO_COMMON_BLOCKS = YES;
				GCC_WARN_64_TO_32_BIT_CONVERSION = YES;
				GCC_WARN_ABOUT_RETURN_TYPE = YES_ERROR;
				GCC_WARN_UNDECLARED_SELECTOR = YES;
				GCC_WARN_UNINITIALIZED_AUTOS = YES_AGGRESSIVE;
				GCC_WARN_UNUSED_FUNCTION = YES;
				GCC_WARN_UNUSED_VARIABLE = YES;
				IPHONEOS_DEPLOYMENT_TARGET = 16.5;
				MTL_ENABLE_DEBUG_INFO = NO;
				MTL_FAST_MATH = YES;
				SDKROOT = iphoneos;
				SWIFT_COMPILATION_MODE = wholemodule;
				SWIFT_OPTIMIZATION_LEVEL = "-O";
				VALIDATE_PRODUCT = YES;
			};
			name = Release;
		};
		C109B10F258000BD00424A12 /* Debug */ = {
			isa = XCBuildConfiguration;
			buildSettings = {
				ASSETCATALOG_COMPILER_APPICON_NAME = AppIcon;
				ASSETCATALOG_COMPILER_GLOBAL_ACCENT_COLOR_NAME = AccentColor;
				CODE_SIGN_STYLE = Automatic;
				DEVELOPMENT_TEAM = 946R3V6A7Y;
				INFOPLIST_FILE = CubiCaptureDemo/Info.plist;
				LD_RUNPATH_SEARCH_PATHS = (
					"$(inherited)",
					"@executable_path/Frameworks",
				);
				PRODUCT_BUNDLE_IDENTIFIER = casa.cubi.CubiCaptureDemo;
				PRODUCT_NAME = "$(TARGET_NAME)";
				SWIFT_VERSION = 5.0;
				TARGETED_DEVICE_FAMILY = "1,2";
			};
			name = Debug;
		};
		C109B110258000BD00424A12 /* Release */ = {
			isa = XCBuildConfiguration;
			buildSettings = {
				ASSETCATALOG_COMPILER_APPICON_NAME = AppIcon;
				ASSETCATALOG_COMPILER_GLOBAL_ACCENT_COLOR_NAME = AccentColor;
				CODE_SIGN_STYLE = Automatic;
				DEVELOPMENT_TEAM = 946R3V6A7Y;
				INFOPLIST_FILE = CubiCaptureDemo/Info.plist;
				LD_RUNPATH_SEARCH_PATHS = (
					"$(inherited)",
					"@executable_path/Frameworks",
				);
				PRODUCT_BUNDLE_IDENTIFIER = casa.cubi.CubiCaptureDemo;
				PRODUCT_NAME = "$(TARGET_NAME)";
				SWIFT_VERSION = 5.0;
				TARGETED_DEVICE_FAMILY = "1,2";
			};
			name = Release;
		};
/* End XCBuildConfiguration section */

/* Begin XCConfigurationList section */
		C109B0F5258000BB00424A12 /* Build configuration list for PBXProject "CubiCaptureDemo" */ = {
			isa = XCConfigurationList;
			buildConfigurations = (
				C109B10C258000BD00424A12 /* Debug */,
				C109B10D258000BD00424A12 /* Release */,
			);
			defaultConfigurationIsVisible = 0;
			defaultConfigurationName = Release;
		};
		C109B10E258000BD00424A12 /* Build configuration list for PBXNativeTarget "CubiCaptureDemo" */ = {
			isa = XCConfigurationList;
			buildConfigurations = (
				C109B10F258000BD00424A12 /* Debug */,
				C109B110258000BD00424A12 /* Release */,
			);
			defaultConfigurationIsVisible = 0;
			defaultConfigurationName = Release;
		};
/* End XCConfigurationList section */

/* Begin XCRemoteSwiftPackageReference section */
		60E415652C32AC6A006359B4 /* XCRemoteSwiftPackageReference "ios-sdk-distribution" */ = {
			isa = XCRemoteSwiftPackageReference;
			repositoryURL = "https://github.com/CubiCasa/ios-sdk-distribution/";
			requirement = {
				branch = release/2.13.4;
				kind = branch;
			};
		};
/* End XCRemoteSwiftPackageReference section */

/* Begin XCSwiftPackageProductDependency section */
		60E415622C32AAAE006359B4 /* CubiCaptureSDK */ = {
			isa = XCSwiftPackageProductDependency;
			productName = CubiCaptureSDK;
		};
		60E415662C32AC6A006359B4 /* CubiCaptureSDK */ = {
			isa = XCSwiftPackageProductDependency;
			package = 60E415652C32AC6A006359B4 /* XCRemoteSwiftPackageReference "ios-sdk-distribution" */;
			productName = CubiCaptureSDK;
		};
/* End XCSwiftPackageProductDependency section */
	};
	rootObject = C109B0F2258000BB00424A12 /* Project object */;
}
